
Microsoft Visual Studio Solution File, Format Version 12.00
# Visual Studio Version 17
VisualStudioVersion = 17.0.32014.148
MinimumVisualStudioVersion = 10.0.40219.1
Project("{FAE04EC0-301F-11D3-BF4B-00C04F79EFBC}") = "Web", "Web\Web.csproj", "{B35ACAB1-AFB3-4096-8569-E307AE9DC9CD}"
EndProject
Global
	GlobalSection(SolutionConfigurationPlatforms) = preSolution
		Debug|Any CPU = Debug|Any CPU
		Release|Any CPU = Release|Any CPU
	EndGlobalSection
	GlobalSection(ProjectConfigurationPlatforms) = postSolution
		{B35ACAB1-AFB3-4096-8569-E307AE9DC9CD}.Debug|Any CPU.ActiveCfg = Debug|Any CPU
		{B35ACAB1-AFB3-4096-8569-E307AE9DC9CD}.Debug|Any CPU.Build.0 = Debug|Any CPU
		{B35ACAB1-AFB3-4096-8569-E307AE9DC9CD}.Release|Any CPU.ActiveCfg = Release|Any CPU
		{B35ACAB1-AFB3-4096-8569-E307AE9DC9CD}.Release|Any CPU.Build.0 = Release|Any CPU
	EndGlobalSection
	GlobalSection(SolutionProperties) = preSolution
		HideSolutionNode = FALSE
	EndGlobalSection
	GlobalSection(ExtensibilityGlobals) = postSolution
		SolutionGuid = {3B8DC7F9-55CF-4013-A772-EE8B594B90DC}
	EndGlobalSection
EndGlobal
