
Microsoft Visual Studio Solution File, Format Version 12.00
# Visual Studio Version 17
VisualStudioVersion = 17.0.31903.59
MinimumVisualStudioVersion = 10.0.40219.1
Project("{9A19103F-16F7-4668-BE54-9A1E7A4F7556}") = "Standard", "Standard\Standard.csproj", "{C60CAAC3-0834-4E11-A4F8-CCF631BEB545}"
EndProject
Project("{9A19103F-16F7-4668-BE54-9A1E7A4F7556}") = "IO", "IO\IO.csproj", "{B47857F9-78C6-4572-AB7B-ED61FB827153}"
EndProject
Project("{9A19103F-16F7-4668-BE54-9A1E7A4F7556}") = "Audit", "Audit\Audit.csproj", "{FD7FAB00-9E60-4F61-B28E-010027228B56}"
EndProject
Project("{9A19103F-16F7-4668-BE54-9A1E7A4F7556}") = "Web", "Web\Web.csproj", "{B512C886-31E6-4A22-A1B3-2751045811B2}"
EndProject
Project("{9A19103F-16F7-4668-BE54-9A1E7A4F7556}") = "AuditMonitor", "AuditMonitor\AuditMonitor.csproj", "{D91D0AD6-64D1-4106-8BCA-95471190A93A}"
EndProject
Project("{FAE04EC0-301F-11D3-BF4B-00C04F79EFBC}") = "OSVersion", "OSVersion\OSVersion.csproj", "{A811ABBA-2470-4F66-BF71-C4D8E993C3A9}"
EndProject
Global
	GlobalSection(SolutionConfigurationPlatforms) = preSolution
		Debug|Any CPU = Debug|Any CPU
		Release|Any CPU = Release|Any CPU
	EndGlobalSection
	GlobalSection(ProjectConfigurationPlatforms) = postSolution
		{C60CAAC3-0834-4E11-A4F8-CCF631BEB545}.Debug|Any CPU.ActiveCfg = Debug|Any CPU
		{C60CAAC3-0834-4E11-A4F8-CCF631BEB545}.Debug|Any CPU.Build.0 = Debug|Any CPU
		{C60CAAC3-0834-4E11-A4F8-CCF631BEB545}.Release|Any CPU.ActiveCfg = Release|Any CPU
		{C60CAAC3-0834-4E11-A4F8-CCF631BEB545}.Release|Any CPU.Build.0 = Release|Any CPU
		{B47857F9-78C6-4572-AB7B-ED61FB827153}.Debug|Any CPU.ActiveCfg = Debug|Any CPU
		{B47857F9-78C6-4572-AB7B-ED61FB827153}.Debug|Any CPU.Build.0 = Debug|Any CPU
		{B47857F9-78C6-4572-AB7B-ED61FB827153}.Release|Any CPU.ActiveCfg = Release|Any CPU
		{B47857F9-78C6-4572-AB7B-ED61FB827153}.Release|Any CPU.Build.0 = Release|Any CPU
		{FD7FAB00-9E60-4F61-B28E-010027228B56}.Debug|Any CPU.ActiveCfg = Debug|Any CPU
		{FD7FAB00-9E60-4F61-B28E-010027228B56}.Debug|Any CPU.Build.0 = Debug|Any CPU
		{FD7FAB00-9E60-4F61-B28E-010027228B56}.Release|Any CPU.ActiveCfg = Release|Any CPU
		{FD7FAB00-9E60-4F61-B28E-010027228B56}.Release|Any CPU.Build.0 = Release|Any CPU
		{B512C886-31E6-4A22-A1B3-2751045811B2}.Debug|Any CPU.ActiveCfg = Debug|Any CPU
		{B512C886-31E6-4A22-A1B3-2751045811B2}.Debug|Any CPU.Build.0 = Debug|Any CPU
		{B512C886-31E6-4A22-A1B3-2751045811B2}.Release|Any CPU.ActiveCfg = Release|Any CPU
		{B512C886-31E6-4A22-A1B3-2751045811B2}.Release|Any CPU.Build.0 = Release|Any CPU
		{D91D0AD6-64D1-4106-8BCA-95471190A93A}.Debug|Any CPU.ActiveCfg = Debug|Any CPU
		{D91D0AD6-64D1-4106-8BCA-95471190A93A}.Debug|Any CPU.Build.0 = Debug|Any CPU
		{D91D0AD6-64D1-4106-8BCA-95471190A93A}.Release|Any CPU.ActiveCfg = Release|Any CPU
		{D91D0AD6-64D1-4106-8BCA-95471190A93A}.Release|Any CPU.Build.0 = Release|Any CPU
		{A811ABBA-2470-4F66-BF71-C4D8E993C3A9}.Debug|Any CPU.ActiveCfg = Debug|Any CPU
		{A811ABBA-2470-4F66-BF71-C4D8E993C3A9}.Debug|Any CPU.Build.0 = Debug|Any CPU
		{A811ABBA-2470-4F66-BF71-C4D8E993C3A9}.Release|Any CPU.ActiveCfg = Release|Any CPU
		{A811ABBA-2470-4F66-BF71-C4D8E993C3A9}.Release|Any CPU.Build.0 = Release|Any CPU
	EndGlobalSection
	GlobalSection(SolutionProperties) = preSolution
		HideSolutionNode = FALSE
	EndGlobalSection
	GlobalSection(ExtensibilityGlobals) = postSolution
		SolutionGuid = {65CF76AE-C237-4522-BF78-E24AEA471972}
	EndGlobalSection
EndGlobal
